
Microsoft Visual Studio Solution File, Format Version 12.00
# Visual Studio Version 16
VisualStudioVersion = 16.0.30517.126
MinimumVisualStudioVersion = 10.0.40219.1
Project("{FAE04EC0-301F-11D3-BF4B-00C04F79EFBC}") = "20201108_15puzzleASP", "20201108_15puzzleASP.csproj", "{9F1FABCA-7928-48D5-93AF-0C4DE9555DC8}"
EndProject
Project("{FAE04EC0-301F-11D3-BF4B-00C04F79EFBC}") = "LogicDLL", "..\LogicDLL\LogicDLL.csproj", "{2428A762-6363-45EE-9201-A149E8CE1B87}"
EndProject
Global
	GlobalSection(SolutionConfigurationPlatforms) = preSolution
		Debug|Any CPU = Debug|Any CPU
		Release|Any CPU = Release|Any CPU
	EndGlobalSection
	GlobalSection(ProjectConfigurationPlatforms) = postSolution
		{9F1FABCA-7928-48D5-93AF-0C4DE9555DC8}.Debug|Any CPU.ActiveCfg = Debug|Any CPU
		{9F1FABCA-7928-48D5-93AF-0C4DE9555DC8}.Debug|Any CPU.Build.0 = Debug|Any CPU
		{9F1FABCA-7928-48D5-93AF-0C4DE9555DC8}.Release|Any CPU.ActiveCfg = Release|Any CPU
		{9F1FABCA-7928-48D5-93AF-0C4DE9555DC8}.Release|Any CPU.Build.0 = Release|Any CPU
		{2428A762-6363-45EE-9201-A149E8CE1B87}.Debug|Any CPU.ActiveCfg = Debug|Any CPU
		{2428A762-6363-45EE-9201-A149E8CE1B87}.Debug|Any CPU.Build.0 = Debug|Any CPU
		{2428A762-6363-45EE-9201-A149E8CE1B87}.Release|Any CPU.ActiveCfg = Release|Any CPU
		{2428A762-6363-45EE-9201-A149E8CE1B87}.Release|Any CPU.Build.0 = Release|Any CPU
	EndGlobalSection
	GlobalSection(SolutionProperties) = preSolution
		HideSolutionNode = FALSE
	EndGlobalSection
	GlobalSection(ExtensibilityGlobals) = postSolution
		SolutionGuid = {9EE9B439-31CB-4CA1-8A37-A6DD6851FF00}
	EndGlobalSection
EndGlobal
